
Microsoft Visual Studio Solution File, Format Version 12.00
# Visual Studio Version 17
VisualStudioVersion = 17.0.32126.317
MinimumVisualStudioVersion = 10.0.40219.1
Project("{FAE04EC0-301F-11D3-BF4B-00C04F79EFBC}") = "14", "14\14.csproj", "{88D94332-2ABC-4907-9D0C-F5FEFA80C4B5}"
EndProject
Global
	GlobalSection(SolutionConfigurationPlatforms) = preSolution
		Debug|Any CPU = Debug|Any CPU
		Release|Any CPU = Release|Any CPU
	EndGlobalSection
	GlobalSection(ProjectConfigurationPlatforms) = postSolution
		{88D94332-2ABC-4907-9D0C-F5FEFA80C4B5}.Debug|Any CPU.ActiveCfg = Debug|Any CPU
		{88D94332-2ABC-4907-9D0C-F5FEFA80C4B5}.Debug|Any CPU.Build.0 = Debug|Any CPU
		{88D94332-2ABC-4907-9D0C-F5FEFA80C4B5}.Release|Any CPU.ActiveCfg = Release|Any CPU
		{88D94332-2ABC-4907-9D0C-F5FEFA80C4B5}.Release|Any CPU.Build.0 = Release|Any CPU
	EndGlobalSection
	GlobalSection(SolutionProperties) = preSolution
		HideSolutionNode = FALSE
	EndGlobalSection
	GlobalSection(ExtensibilityGlobals) = postSolution
		SolutionGuid = {EF94391B-D7A0-48B1-B0F4-B03B488A0458}
	EndGlobalSection
EndGlobal
